{
  "object": {
    "pins": [
      {
        "package": "Socket",
        "repositoryURL": "https://github.com/DimaRU/BlueSocket.git",
        "state": {
          "branch": "master",
          "revision": "e7c9d055739b5a72056ce3a38591ed32606b6843",
          "version": null
        }
      },
      {
        "package": "CSSH",
        "repositoryURL": "https://github.com/DimaRU/Libssh2Prebuild.git",
        "state": {
          "branch": null,
          "revision": "ff6be23117da8c19f11cf68ed118d2a708aba1fc",
          "version": "1.9.0-OpenSSL_1_1_1h"
        }
      }
    ]
  },
  "version": 1
}
