{
  "object": {
    "pins": [
      {
        "package": "Socket",
        "repositoryURL": "https://github.com/DimaRU/BlueSocket.git",
        "state": {
          "branch": "master",
          "revision": "e7c9d055739b5a72056ce3a38591ed32606b6843",
          "version": null
        }
      }
    ]
  },
  "version": 1
}
